Microsoft Visual Studio Solution File, Format Version 10.00
# Visual Studio 2008
Project("{F184B08F-C81C-45F6-A57F-5ABD9991F28F}") = "CustomControl_HyperlinkLabel", "CustomControl_HyperlinkLabel.vbproj", "{04671A4D-E734-4318-B987-14950F42855D}"
EndProject
Global
	GlobalSection(SolutionConfigurationPlatforms) = preSolution
		Debug|Any CPU = Debug|Any CPU
		Release|Any CPU = Release|Any CPU
	EndGlobalSection
	GlobalSection(ProjectConfigurationPlatforms) = postSolution
		{04671A4D-E734-4318-B987-14950F42855D}.Debug|Any CPU.ActiveCfg = Debug|Any CPU
		{04671A4D-E734-4318-B987-14950F42855D}.Debug|Any CPU.Build.0 = Debug|Any CPU
		{04671A4D-E734-4318-B987-14950F42855D}.Release|Any CPU.ActiveCfg = Release|Any CPU
		{04671A4D-E734-4318-B987-14950F42855D}.Release|Any CPU.Build.0 = Release|Any CPU
	EndGlobalSection
	GlobalSection(SolutionProperties) = preSolution
		HideSolutionNode = FALSE
	EndGlobalSection
EndGlobal
